{
  "name": "language-canvas-document",
  "version": "1.0.0",
  "lockfileVersion": 3,
  "requires": true,
  "packages": {
    "": {
      "name": "language-canvas-document",
      "version": "1.0.0",
      "license": "LicenseRef-OpenAI-Exclusive",
      "engines": {
        "node": ">=22.16.0"
      }
    }
  }
}
